
Microsoft Visual Studio Solution File, Format Version 12.00
# Visual Studio Version 17
VisualStudioVersion = 17.3.32825.248
MinimumVisualStudioVersion = 10.0.40219.1
Project("{FAE04EC0-301F-11D3-BF4B-00C04F79EFBC}") = "assignment1_AlekseiPant", "assignment1_AlekseiPant\assignment1_AlekseiPant.csproj", "{1C875A29-D718-4155-810B-C71F72EE1858}"
EndProject
Global
	GlobalSection(SolutionConfigurationPlatforms) = preSolution
		Debug|Any CPU = Debug|Any CPU
		Release|Any CPU = Release|Any CPU
	EndGlobalSection
	GlobalSection(ProjectConfigurationPlatforms) = postSolution
		{1C875A29-D718-4155-810B-C71F72EE1858}.Debug|Any CPU.ActiveCfg = Debug|Any CPU
		{1C875A29-D718-4155-810B-C71F72EE1858}.Debug|Any CPU.Build.0 = Debug|Any CPU
		{1C875A29-D718-4155-810B-C71F72EE1858}.Release|Any CPU.ActiveCfg = Release|Any CPU
		{1C875A29-D718-4155-810B-C71F72EE1858}.Release|Any CPU.Build.0 = Release|Any CPU
	EndGlobalSection
	GlobalSection(SolutionProperties) = preSolution
		HideSolutionNode = FALSE
	EndGlobalSection
	GlobalSection(ExtensibilityGlobals) = postSolution
		SolutionGuid = {A532B1D8-3E96-4EEB-AF71-579099F6B76C}
	EndGlobalSection
EndGlobal
